# This file is automatically @generated by Cargo.
# It is not intended for manual editing.
version = 4

[[package]]
name = "build"
version = "0.0.0"
dependencies = [
 "own",
]

[[package]]
name = "normal"
version = "0.0.0"
dependencies = [
 "own",
]

[[package]]
name = "outer"
version = "0.0.0"
dependencies = [
 "own",
]

[[package]]
name = "own"
version = "0.0.0"

[[package]]
name = "pass"
version = "0.0.0"
dependencies = [
 "own",
 "sim",
 "strong",
 "weak",
]

[[package]]
name = "platform"
version = "0.0.0"
dependencies = [
 "own",
]

[[package]]
name = "sim"
version = "0.0.0"

[[package]]
name = "strong"
version = "0.0.0"
dependencies = [
 "own",
]

[[package]]
name = "tool"
version = "0.0.0"
dependencies = [
 "own",
]

[[package]]
name = "weak"
version = "0.0.0"
dependencies = [
 "own",
]

[[package]]
name = "wrap"
version = "0.0.0"
dependencies = [
 "outer",
]
