# This file is automatically @generated by Cargo.
# It is not intended for manual editing.
version = 4

[[package]]
name = "p"
version = "1.5.0"
source = "registry+https://github.com/rust-lang/crates.io-index"
checksum = "6cea1218f17a12bf8de6473bd2e3fdc18cbbe339b3d692ac76542e60bb6b83fa"

[[package]]
name = "p"
version = "2.0.0"
source = "registry+https://github.com/rust-lang/crates.io-index"
checksum = "ad3a8a44e0c5765c9c8b6765a028a6280da13e6e12d1adf25456c3b9e98b4dd9"

[[package]]
name = "unpatched"
version = "0.0.0"
dependencies = [
 "p 1.5.0",
 "p 2.0.0",
]
