# This file is automatically @generated by Cargo.
# It is not intended for manual editing.
version = 4

[[package]]
name = "optional"
version = "0.0.0"
dependencies = [
 "r",
]

[[package]]
name = "r"
version = "1.0.0"
source = "registry+https://github.com/rust-lang/crates.io-index"
checksum = "e8bcb9244823cba2d60009f2a9876345bf6661f781fba47766df470a5fe444ab"
