# This file is automatically @generated by Cargo.
# It is not intended for manual editing.
version = 4

[[package]]
name = "p"
version = "0.9.0"
source = "registry+https://github.com/rust-lang/crates.io-index"
checksum = "198e84059086ff08e9bd87f3da187f2b172c7f99cd7c3e0fe4f67270be0ec136"

[[package]]
name = "p"
version = "1.3.0"

[[package]]
name = "twice"
version = "0.0.0"
dependencies = [
 "p 0.9.0",
 "p 1.3.0",
]
