# This file is automatically @generated by Cargo.
# It is not intended for manual editing.
version = 4

[[package]]
name = "masked"
version = "0.0.0"
dependencies = [
 "p 1.3.0",
 "p 1.5.0",
]

[[package]]
name = "p"
version = "1.3.0"

[[package]]
name = "p"
version = "1.5.0"
source = "registry+https://github.com/rust-lang/crates.io-index"
checksum = "6cea1218f17a12bf8de6473bd2e3fdc18cbbe339b3d692ac76542e60bb6b83fa"
