# This file is automatically @generated by Cargo.
# It is not intended for manual editing.
version = 4

[[package]]
name = "beside"
version = "0.0.0"
dependencies = [
 "p 1.3.0",
 "q",
]

[[package]]
name = "p"
version = "1.3.0"

[[package]]
name = "p"
version = "1.3.0"
source = "registry+https://github.com/rust-lang/crates.io-index"
checksum = "2d8fe55cff86cbe94d1af9cc9ae4a1da71ba9d67d8c93102fc4abf95733bc458"

[[package]]
name = "q"
version = "1.0.0"
source = "registry+https://github.com/rust-lang/crates.io-index"
checksum = "ecdbf7824b9f6e16ef24d4cea34e5152f77befe459e24b564bff2a220cf2eb56"
dependencies = [
 "p 1.3.0 (registry+https://github.com/rust-lang/crates.io-index)",
]
