# This file is automatically @generated by Cargo.
# It is not intended for manual editing.
version = 4

[[package]]
name = "a"
version = "0.0.0"
dependencies = [
 "globals 1.0.0",
]

[[package]]
name = "b"
version = "0.0.0"

[[package]]
name = "globals"
version = "0.0.0"

[[package]]
name = "globals"
version = "1.0.0"

[[package]]
name = "model"
version = "0.0.0"
